<?xml version="1.0" encoding="utf-8"?>
<Project ToolsVersion="4.0" xmlns="http://schemas.microsoft.com/developer/msbuild/2003">
  <ItemGroup>
    <ClCompile Include="BlobLabeling.cpp">
      <Filter>CVES_System\Recognitions\Source</Filter>
    </ClCompile>
    <ClCompile Include="main.cpp">
      <Filter>CVES_System\Main\Source</Filter>
    </ClCompile>
    <ClCompile Include="EngineS.cpp">
      <Filter>CVES_System\EngineS\Source</Filter>
    </ClCompile>
    <ClCompile Include="ChessRecognition.cpp">
      <Filter>CVES_System\Recognitions\Source</Filter>
    </ClCompile>
    <ClCompile Include="HandRecognition.cpp">
      <Filter>CVES_System\Recognitions\Source</Filter>
    </ClCompile>
    <ClCompile Include="ChessGame.cpp">
      <Filter>CVES_System\ChessGame\Source</Filter>
    </ClCompile>
    <ClCompile Include="ChessLineSearchAlg.cpp">
      <Filter>CVES_System\Algorithm\Source</Filter>
    </ClCompile>
    <ClCompile Include="..\Common\File.cpp">
      <Filter>Common\File\Source</Filter>
    </ClCompile>
    <ClCompile Include="..\Common\Debug.cpp">
      <Filter>Common\Debug\Source</Filter>
    </ClCompile>
    <ClCompile Include="..\Common\CodeConverter.cpp">
      <Filter>Common\CodeConverter\Source</Filter>
    </ClCompile>
    <ClCompile Include="..\Common\InternalProtocolSeeker.cpp">
      <Filter>Common\InternalProtocolSeeker\Source</Filter>
    </ClCompile>
    <ClCompile Include="..\Common\StringTokenizer.cpp">
      <Filter>Common\StringTokenizer\Source</Filter>
    </ClCompile>
    <ClCompile Include="..\Common\Time.cpp">
      <Filter>Common\Time\Source</Filter>
    </ClCompile>
    <ClCompile Include="..\Common\Process.cpp">
      <Filter>Common\Process\Source</Filter>
    </ClCompile>
    <ClCompile Include="..\Common\Telepathy.cpp">
      <Filter>Common\Telepathy\Source</Filter>
    </ClCompile>
<<<<<<< HEAD
    <ClCompile Include="..\Common\StringTools.cpp">
      <Filter>Common\StringTools\Source</Filter>
=======
    <ClCompile Include="CheckInChessboard.cpp">
      <Filter>CVES_System\Recognitions\Source</Filter>
>>>>>>> origin/CVES_ChessRecognition_Extended
    </ClCompile>
  </ItemGroup>
  <ItemGroup>
    <ClInclude Include="BlobLabeling.hpp">
      <Filter>CVES_System\Recognitions\Header</Filter>
    </ClInclude>
    <ClInclude Include="EngineS.hpp">
      <Filter>CVES_System\EngineS\Header</Filter>
    </ClInclude>
    <ClInclude Include="ChessRecognition.hpp">
      <Filter>CVES_System\Recognitions\Header</Filter>
    </ClInclude>
    <ClInclude Include="HandRecognition.hpp">
      <Filter>CVES_System\Recognitions\Header</Filter>
    </ClInclude>
    <ClInclude Include="ChessGame.hpp">
      <Filter>CVES_System\ChessGame\Header</Filter>
    </ClInclude>
    <ClInclude Include="ChessLineSearchAlg.hpp">
      <Filter>CVES_System\Algorithm\Header</Filter>
    </ClInclude>
    <ClInclude Include="CVESDependent.hpp">
      <Filter>CVES_System\CVES_Dependent</Filter>
    </ClInclude>
    <ClInclude Include="..\Common\Common.hpp">
      <Filter>Common\CVESystemCommon</Filter>
    </ClInclude>
    <ClInclude Include="..\Common\GlobalVariables.hpp">
      <Filter>Common\CVESystemCommon</Filter>
    </ClInclude>
    <ClInclude Include="..\Common\ExtendedBlackBox.hpp">
      <Filter>Common\CVESystemCommon</Filter>
    </ClInclude>
    <ClInclude Include="..\Common\InternalProtocol.hpp">
      <Filter>Common\CVESystemCommon</Filter>
    </ClInclude>
    <ClInclude Include="..\Common\File.hpp">
      <Filter>Common\File\Header</Filter>
    </ClInclude>
    <ClInclude Include="..\Common\Debug.hpp">
      <Filter>Common\Debug\Header</Filter>
    </ClInclude>
    <ClInclude Include="..\Common\CodeConverter.hpp">
      <Filter>Common\CodeConverter\Header</Filter>
    </ClInclude>
    <ClInclude Include="..\Common\InternalProtocolSeeker.hpp">
      <Filter>Common\InternalProtocolSeeker\Header</Filter>
    </ClInclude>
    <ClInclude Include="..\Common\StringTokenizer.hpp">
      <Filter>Common\StringTokenizer\Header</Filter>
    </ClInclude>
    <ClInclude Include="..\Common\Time.hpp">
      <Filter>Common\Time\Header</Filter>
    </ClInclude>
    <ClInclude Include="..\Common\Process.hpp">
      <Filter>Common\Process\Header</Filter>
    </ClInclude>
    <ClInclude Include="..\Common\SystemDependency.hpp">
      <Filter>Common\SystemDependency</Filter>
    </ClInclude>
    <ClInclude Include="..\Common\Telepathy.hpp">
      <Filter>Common\Telepathy\Header</Filter>
    </ClInclude>
<<<<<<< HEAD
    <ClInclude Include="..\Common\StringTools.hpp">
      <Filter>Common\StringTools\Header</Filter>
=======
    <ClInclude Include="CheckInChessboard.h">
      <Filter>CVES_System\Recognitions\Header</Filter>
>>>>>>> origin/CVES_ChessRecognition_Extended
    </ClInclude>
  </ItemGroup>
  <ItemGroup>
    <Filter Include="Common">
      <UniqueIdentifier>{2c9a0e40-1670-49ea-b0fe-026a82daee6a}</UniqueIdentifier>
    </Filter>
    <Filter Include="CVES_System">
      <UniqueIdentifier>{2b3bb4ae-6487-4ccd-9dc7-9e3a10995d36}</UniqueIdentifier>
    </Filter>
    <Filter Include="CVES_System\Algorithm">
      <UniqueIdentifier>{63b086a0-3e7c-467e-90f8-a88cfddd4444}</UniqueIdentifier>
    </Filter>
    <Filter Include="CVES_System\Algorithm\Header">
      <UniqueIdentifier>{f3aca67e-864f-4b4b-8b49-bea8cbf8b1fd}</UniqueIdentifier>
    </Filter>
    <Filter Include="CVES_System\Algorithm\Source">
      <UniqueIdentifier>{8b751af5-1b5b-464d-8709-9906b2565828}</UniqueIdentifier>
    </Filter>
    <Filter Include="CVES_System\ChessGame">
      <UniqueIdentifier>{ed6c186a-4d6a-4617-8f8d-3b09d2c8a53c}</UniqueIdentifier>
    </Filter>
    <Filter Include="CVES_System\ChessGame\Header">
      <UniqueIdentifier>{2f6e38ec-d676-491e-befe-0088140bbe1a}</UniqueIdentifier>
    </Filter>
    <Filter Include="CVES_System\ChessGame\Source">
      <UniqueIdentifier>{caa25ecb-36f9-48ca-977b-26c5b964fbca}</UniqueIdentifier>
    </Filter>
    <Filter Include="CVES_System\Main">
      <UniqueIdentifier>{a1405153-60c9-4510-8e19-960ec282c4c8}</UniqueIdentifier>
    </Filter>
    <Filter Include="CVES_System\Main\Source">
      <UniqueIdentifier>{02632896-ce6a-43cd-9c1d-2f904d8e107e}</UniqueIdentifier>
    </Filter>
    <Filter Include="CVES_System\EngineS">
      <UniqueIdentifier>{0d4d3e39-4e41-43f1-9afd-41abcd5c8774}</UniqueIdentifier>
    </Filter>
    <Filter Include="CVES_System\EngineS\Header">
      <UniqueIdentifier>{6332a42e-ee45-4263-a264-daea5e781f8e}</UniqueIdentifier>
    </Filter>
    <Filter Include="CVES_System\EngineS\Source">
      <UniqueIdentifier>{2a8a55aa-a8a1-4b34-8760-c08e1957a6e1}</UniqueIdentifier>
    </Filter>
    <Filter Include="CVES_System\Recognitions">
      <UniqueIdentifier>{14c84c1e-ea68-4841-857d-3f7ce942d514}</UniqueIdentifier>
    </Filter>
    <Filter Include="CVES_System\Recognitions\Header">
      <UniqueIdentifier>{b41915f8-a684-41a0-a28f-d9f3328123a1}</UniqueIdentifier>
    </Filter>
    <Filter Include="CVES_System\Recognitions\Source">
      <UniqueIdentifier>{1883e58b-dd5f-4e1c-9a08-e2c8c96482d1}</UniqueIdentifier>
    </Filter>
    <Filter Include="CVES_System\CVES_Dependent">
      <UniqueIdentifier>{abe32c43-e8f4-4c40-a354-320552978553}</UniqueIdentifier>
    </Filter>
    <Filter Include="Common\CVESystemCommon">
      <UniqueIdentifier>{f3ab996a-be89-41a9-9862-edbc1a54ee06}</UniqueIdentifier>
    </Filter>
    <Filter Include="Common\File">
      <UniqueIdentifier>{b995603d-f820-48c1-b79e-5197b2686041}</UniqueIdentifier>
    </Filter>
    <Filter Include="Common\File\Source">
      <UniqueIdentifier>{454a8b98-b696-4bf6-aecc-e524f8e2b688}</UniqueIdentifier>
    </Filter>
    <Filter Include="Common\File\Header">
      <UniqueIdentifier>{57be2101-79de-4535-a910-40e484ce9633}</UniqueIdentifier>
    </Filter>
    <Filter Include="Common\Debug">
      <UniqueIdentifier>{cadded60-2777-4799-bded-b136134d697a}</UniqueIdentifier>
    </Filter>
    <Filter Include="Common\Debug\Source">
      <UniqueIdentifier>{71b88aff-f8de-440d-b88b-5fd345e47f7a}</UniqueIdentifier>
    </Filter>
    <Filter Include="Common\Debug\Header">
      <UniqueIdentifier>{e32e9b69-b25e-4311-be39-a069ff9c751a}</UniqueIdentifier>
    </Filter>
    <Filter Include="Common\CodeConverter">
      <UniqueIdentifier>{cba80716-d87f-4281-9246-d64fc988175f}</UniqueIdentifier>
    </Filter>
    <Filter Include="Common\CodeConverter\Header">
      <UniqueIdentifier>{460afb7b-e41a-4dc9-ae58-6ee979d1a330}</UniqueIdentifier>
    </Filter>
    <Filter Include="Common\CodeConverter\Source">
      <UniqueIdentifier>{309ba5da-586b-45e2-b293-71aa98dc57ed}</UniqueIdentifier>
    </Filter>
    <Filter Include="Common\InternalProtocolSeeker">
      <UniqueIdentifier>{76ba41de-a8bb-4724-9c7b-1f6d3412b877}</UniqueIdentifier>
    </Filter>
    <Filter Include="Common\InternalProtocolSeeker\Header">
      <UniqueIdentifier>{e6611090-8a2c-45aa-b504-2bdd2eed2a9d}</UniqueIdentifier>
    </Filter>
    <Filter Include="Common\InternalProtocolSeeker\Source">
      <UniqueIdentifier>{40edadbb-7d98-4a7d-bf33-39f3307c3076}</UniqueIdentifier>
    </Filter>
    <Filter Include="Common\StringTokenizer">
      <UniqueIdentifier>{519af92c-2721-40c3-9410-657aabd66764}</UniqueIdentifier>
    </Filter>
    <Filter Include="Common\StringTokenizer\Source">
      <UniqueIdentifier>{76359f82-c5c9-4b38-b93e-14775ff9ba60}</UniqueIdentifier>
    </Filter>
    <Filter Include="Common\StringTokenizer\Header">
      <UniqueIdentifier>{bc2b5de5-d7ee-438c-9a95-947cb9b22665}</UniqueIdentifier>
    </Filter>
    <Filter Include="Common\Time">
      <UniqueIdentifier>{d3291b24-bb43-44c8-95a7-5b27f10ceb7b}</UniqueIdentifier>
    </Filter>
    <Filter Include="Common\Time\Header">
      <UniqueIdentifier>{85a62006-1bca-423b-99c7-89b2b8b9e57d}</UniqueIdentifier>
    </Filter>
    <Filter Include="Common\Time\Source">
      <UniqueIdentifier>{674c7095-53f1-4fc4-be8b-b02095028e81}</UniqueIdentifier>
    </Filter>
    <Filter Include="Common\Process">
      <UniqueIdentifier>{446cbd5b-56ed-489c-8add-c70d350e1f13}</UniqueIdentifier>
    </Filter>
    <Filter Include="Common\Process\Header">
      <UniqueIdentifier>{0d6a74c7-745c-497e-9c99-934f6d194e76}</UniqueIdentifier>
    </Filter>
    <Filter Include="Common\Process\Source">
      <UniqueIdentifier>{a8a5eba4-af5d-4457-9937-8578d448f479}</UniqueIdentifier>
    </Filter>
    <Filter Include="Common\SystemDependency">
      <UniqueIdentifier>{2dbb1375-cdc2-42a4-8fd0-5b3ac07206cb}</UniqueIdentifier>
    </Filter>
    <Filter Include="Common\Telepathy">
      <UniqueIdentifier>{b45dcc07-0605-4758-8ea2-52a1f081621d}</UniqueIdentifier>
    </Filter>
    <Filter Include="Common\Telepathy\Source">
      <UniqueIdentifier>{34fabb4e-2850-434b-800e-9aefce2afa2e}</UniqueIdentifier>
    </Filter>
    <Filter Include="Common\Telepathy\Header">
      <UniqueIdentifier>{e2b37a4d-2716-478d-8baa-8d62d07d3be6}</UniqueIdentifier>
    </Filter>
    <Filter Include="Common\StringTools">
      <UniqueIdentifier>{ab2b941e-93f8-4c05-b53e-d20eb4115ac9}</UniqueIdentifier>
    </Filter>
    <Filter Include="Common\StringTools\Header">
      <UniqueIdentifier>{7d561059-892a-4b8e-840e-8d39907de832}</UniqueIdentifier>
    </Filter>
    <Filter Include="Common\StringTools\Source">
      <UniqueIdentifier>{0d19ab40-2817-4d47-ada9-00624b2a9455}</UniqueIdentifier>
    </Filter>
  </ItemGroup>
</Project>